PODS:
  - boost (1.76.0)
  - DoubleConversion (1.1.6)
  - FBLazyVector (0.72.18)
  - FBReactNativeSpec (0.72.18):
    - RCT-Folly (= 2021.07.22.00)
    - RCTRequired (= 0.72.18)
    - RCTTypeSafety (= 0.72.18)
    - React-Core (= 0.72.18)
    - React-jsi (= 0.72.18)
    - ReactCommon/turbomodule/core (= 0.72.18)
  - fmt (9.1.0)
  - glog (0.3.5)
  - RCT-Folly (2021.07.22.00):
    - boost
    - DoubleConversion
    - fmt (= 9.1.0)
    - glog
    - RCT-Folly/Default (= 2021.07.22.00)
  - RCT-Folly/Default (2021.07.22.00):
    - boost
    - DoubleConversion
    - fmt (= 9.1.0)
    - glog
  - RCTRequired (0.72.18)
  - RCTTypeSafety (0.72.18):
    - FBLazyVector (= 0.72.18)
    - RCTRequired (= 0.72.18)
    - React-Core (= 0.72.18)
  - React (0.72.18):
    - React-Core (= 0.72.18)
    - React-Core/DevSupport (= 0.72.18)
    - React-Core/RCTWebSocket (= 0.72.18)
    - React-RCTActionSheet (= 0.72.18)
    - React-RCTAnimation (= 0.72.18)
    - React-RCTBlob (= 0.72.18)
    - React-RCTImage (= 0.72.18)
    - React-RCTLinking (= 0.72.18)
    - React-RCTNetwork (= 0.72.18)
    - React-RCTSettings (= 0.72.18)
    - React-RCTText (= 0.72.18)
    - React-RCTVibration (= 0.72.18)
  - React-callinvoker (0.72.18)
  - React-Codegen (0.72.18):
    - DoubleConversion
    - FBReactNativeSpec
    - glog
    - RCT-Folly
    - RCTRequired
    - RCTTypeSafety
    - React-Core
    - React-jsc
    - React-jsi
    - React-jsiexecutor
    - React-NativeModulesApple
    - React-rncore
    - ReactCommon/turbomodule/bridging
    - ReactCommon/turbomodule/core
  - React-Core (0.72.18):
    - glog
    - RCT-Folly (= 2021.07.22.00)
    - React-Core/Default (= 0.72.18)
    - React-cxxreact
    - React-jsc
    - React-jsi
    - React-jsiexecutor
    - React-perflogger
    - React-runtimeexecutor
    - React-utils
    - SocketRocket (= 0.7.0)
    - Yoga
  - React-Core/CoreModulesHeaders (0.72.18):
    - glog
    - RCT-Folly (= 2021.07.22.00)
    - React-Core/Default
    - React-cxxreact
    - React-jsc
    - React-jsi
    - React-jsiexecutor
    - React-perflogger
    - React-runtimeexecutor
    - React-utils
    - SocketRocket (= 0.7.0)
    - Yoga
  - React-Core/Default (0.72.18):
    - glog
    - RCT-Folly (= 2021.07.22.00)
    - React-cxxreact
    - React-jsc
    - React-jsi
    - React-jsiexecutor
    - React-perflogger
    - React-runtimeexecutor
    - React-utils
    - SocketRocket (= 0.7.0)
    - Yoga
  - React-Core/DevSupport (0.72.18):
    - glog
    - RCT-Folly (= 2021.07.22.00)
    - React-Core/Default (= 0.72.18)
    - React-Core/RCTWebSocket (= 0.72.18)
    - React-cxxreact
    - React-jsc
    - React-jsi
    - React-jsiexecutor
    - React-jsinspector (= 0.72.18)
    - React-perflogger
    - React-runtimeexecutor
    - React-utils
    - SocketRocket (= 0.7.0)
    - Yoga
  - React-Core/RCTActionSheetHeaders (0.72.18):
    - glog
    - RCT-Folly (= 2021.07.22.00)
    - React-Core/Default
    - React-cxxreact
    - React-jsc
    - React-jsi
    - React-jsiexecutor
    - React-perflogger
    - React-runtimeexecutor
    - React-utils
    - SocketRocket (= 0.7.0)
    - Yoga
  - React-Core/RCTAnimationHeaders (0.72.18):
    - glog
    - RCT-Folly (= 2021.07.22.00)
    - React-Core/Default
    - React-cxxreact
    - React-jsc
    - React-jsi
    - React-jsiexecutor
    - React-perflogger
    - React-runtimeexecutor
    - React-utils
    - SocketRocket (= 0.7.0)
    - Yoga
  - React-Core/RCTBlobHeaders (0.72.18):
    - glog
    - RCT-Folly (= 2021.07.22.00)
    - React-Core/Default
    - React-cxxreact
    - React-jsc
    - React-jsi
    - React-jsiexecutor
    - React-perflogger
    - React-runtimeexecutor
    - React-utils
    - SocketRocket (= 0.7.0)
    - Yoga
  - React-Core/RCTImageHeaders (0.72.18):
    - glog
    - RCT-Folly (= 2021.07.22.00)
    - React-Core/Default
    - React-cxxreact
    - React-jsc
    - React-jsi
    - React-jsiexecutor
    - React-perflogger
    - React-runtimeexecutor
    - React-utils
    - SocketRocket (= 0.7.0)
    - Yoga
  - React-Core/RCTLinkingHeaders (0.72.18):
    - glog
    - RCT-Folly (= 2021.07.22.00)
    - React-Core/Default
    - React-cxxreact
    - React-jsc
    - React-jsi
    - React-jsiexecutor
    - React-perflogger
    - React-runtimeexecutor
    - React-utils
    - SocketRocket (= 0.7.0)
    - Yoga
  - React-Core/RCTNetworkHeaders (0.72.18):
    - glog
    - RCT-Folly (= 2021.07.22.00)
    - React-Core/Default
    - React-cxxreact
    - React-jsc
    - React-jsi
    - React-jsiexecutor
    - React-perflogger
    - React-runtimeexecutor
    - React-utils
    - SocketRocket (= 0.7.0)
    - Yoga
  - React-Core/RCTSettingsHeaders (0.72.18):
    - glog
    - RCT-Folly (= 2021.07.22.00)
    - React-Core/Default
    - React-cxxreact
    - React-jsc
    - React-jsi
    - React-jsiexecutor
    - React-perflogger
    - React-runtimeexecutor
    - React-utils
    - SocketRocket (= 0.7.0)
    - Yoga
  - React-Core/RCTTextHeaders (0.72.18):
    - glog
    - RCT-Folly (= 2021.07.22.00)
    - React-Core/Default
    - React-cxxreact
    - React-jsc
    - React-jsi
    - React-jsiexecutor
    - React-perflogger
    - React-runtimeexecutor
    - React-utils
    - SocketRocket (= 0.7.0)
    - Yoga
  - React-Core/RCTVibrationHeaders (0.72.18):
    - glog
    - RCT-Folly (= 2021.07.22.00)
    - React-Core/Default
    - React-cxxreact
    - React-jsc
    - React-jsi
    - React-jsiexecutor
    - React-perflogger
    - React-runtimeexecutor
    - React-utils
    - SocketRocket (= 0.7.0)
    - Yoga
  - React-Core/RCTWebSocket (0.72.18):
    - glog
    - RCT-Folly (= 2021.07.22.00)
    - React-Core/Default (= 0.72.18)
    - React-cxxreact
    - React-jsc
    - React-jsi
    - React-jsiexecutor
    - React-perflogger
    - React-runtimeexecutor
    - React-utils
    - SocketRocket (= 0.7.0)
    - Yoga
  - React-CoreModules (0.72.18):
    - RCT-Folly (= 2021.07.22.00)
    - RCTTypeSafety (= 0.72.18)
    - React-Codegen (= 0.72.18)
    - React-Core/CoreModulesHeaders (= 0.72.18)
    - React-jsi (= 0.72.18)
    - React-RCTBlob
    - React-RCTImage (= 0.72.18)
    - ReactCommon/turbomodule/core (= 0.72.18)
    - SocketRocket (= 0.7.0)
  - React-cxxreact (0.72.18):
    - boost (= 1.76.0)
    - DoubleConversion
    - fmt (= 9.1.0)
    - glog
    - RCT-Folly (= 2021.07.22.00)
    - React-callinvoker (= 0.72.18)
    - React-debug (= 0.72.18)
    - React-jsi (= 0.72.18)
    - React-jsinspector (= 0.72.18)
    - React-logger (= 0.72.18)
    - React-perflogger (= 0.72.18)
    - React-runtimeexecutor (= 0.72.18)
  - React-debug (0.72.18)
  - React-jsc (0.72.18):
    - React-jsc/Fabric (= 0.72.18)
    - React-jsi (= 0.72.18)
  - React-jsc/Fabric (0.72.18):
    - React-jsi (= 0.72.18)
  - React-jsi (0.72.18):
    - boost (= 1.76.0)
    - DoubleConversion
    - fmt (= 9.1.0)
    - glog
    - RCT-Folly (= 2021.07.22.00)
  - React-jsiexecutor (0.72.18):
    - DoubleConversion
    - fmt (= 9.1.0)
    - glog
    - RCT-Folly (= 2021.07.22.00)
    - React-cxxreact (= 0.72.18)
    - React-jsi (= 0.72.18)
    - React-perflogger (= 0.72.18)
  - React-jsinspector (0.72.18)
  - React-logger (0.72.18):
    - glog
  - React-NativeModulesApple (0.72.18):
    - React-callinvoker
    - React-Core
    - React-cxxreact
    - React-jsi
    - React-runtimeexecutor
    - ReactCommon/turbomodule/bridging
    - ReactCommon/turbomodule/core
  - React-perflogger (0.72.18)
  - React-RCTActionSheet (0.72.18):
    - React-Core/RCTActionSheetHeaders (= 0.72.18)
  - React-RCTAnimation (0.72.18):
    - RCT-Folly (= 2021.07.22.00)
    - RCTTypeSafety (= 0.72.18)
    - React-Codegen (= 0.72.18)
    - React-Core/RCTAnimationHeaders (= 0.72.18)
    - React-jsi (= 0.72.18)
    - ReactCommon/turbomodule/core (= 0.72.18)
  - React-RCTAppDelegate (0.72.18):
    - RCT-Folly
    - RCTRequired
    - RCTTypeSafety
    - React-Core
    - React-CoreModules
    - React-jsc
    - React-NativeModulesApple
    - React-RCTImage
    - React-RCTNetwork
    - React-runtimescheduler
    - ReactCommon/turbomodule/core
  - React-RCTBlob (0.72.18):
    - RCT-Folly (= 2021.07.22.00)
    - React-Codegen (= 0.72.18)
    - React-Core/RCTBlobHeaders (= 0.72.18)
    - React-Core/RCTWebSocket (= 0.72.18)
    - React-jsi (= 0.72.18)
    - React-RCTNetwork (= 0.72.18)
    - ReactCommon/turbomodule/core (= 0.72.18)
  - React-RCTImage (0.72.18):
    - RCT-Folly (= 2021.07.22.00)
    - RCTTypeSafety (= 0.72.18)
    - React-Codegen (= 0.72.18)
    - React-Core/RCTImageHeaders (= 0.72.18)
    - React-jsi (= 0.72.18)
    - React-RCTNetwork (= 0.72.18)
    - ReactCommon/turbomodule/core (= 0.72.18)
  - React-RCTLinking (0.72.18):
    - React-Codegen (= 0.72.18)
    - React-Core/RCTLinkingHeaders (= 0.72.18)
    - React-jsi (= 0.72.18)
    - ReactCommon/turbomodule/core (= 0.72.18)
  - React-RCTNetwork (0.72.18):
    - RCT-Folly (= 2021.07.22.00)
    - RCTTypeSafety (= 0.72.18)
    - React-Codegen (= 0.72.18)
    - React-Core/RCTNetworkHeaders (= 0.72.18)
    - React-jsi (= 0.72.18)
    - ReactCommon/turbomodule/core (= 0.72.18)
  - React-RCTSettings (0.72.18):
    - RCT-Folly (= 2021.07.22.00)
    - RCTTypeSafety (= 0.72.18)
    - React-Codegen (= 0.72.18)
    - React-Core/RCTSettingsHeaders (= 0.72.18)
    - React-jsi (= 0.72.18)
    - ReactCommon/turbomodule/core (= 0.72.18)
  - React-RCTText (0.72.18):
    - React-Core/RCTTextHeaders (= 0.72.18)
  - React-RCTVibration (0.72.18):
    - RCT-Folly (= 2021.07.22.00)
    - React-Codegen (= 0.72.18)
    - React-Core/RCTVibrationHeaders (= 0.72.18)
    - React-jsi (= 0.72.18)
    - ReactCommon/turbomodule/core (= 0.72.18)
  - React-rncore (0.72.18)
  - React-runtimeexecutor (0.72.18):
    - React-jsi (= 0.72.18)
  - React-runtimescheduler (0.72.18):
    - glog
    - RCT-Folly (= 2021.07.22.00)
    - React-callinvoker
    - React-debug
    - React-jsi
    - React-runtimeexecutor
  - React-utils (0.72.18):
    - glog
    - RCT-Folly (= 2021.07.22.00)
    - React-debug
  - ReactCommon/turbomodule/bridging (0.72.18):
    - DoubleConversion
    - fmt (= 9.1.0)
    - glog
    - RCT-Folly (= 2021.07.22.00)
    - React-callinvoker (= 0.72.18)
    - React-cxxreact (= 0.72.18)
    - React-jsi (= 0.72.18)
    - React-logger (= 0.72.18)
    - React-perflogger (= 0.72.18)
  - ReactCommon/turbomodule/core (0.72.18):
    - DoubleConversion
    - fmt (= 9.1.0)
    - glog
    - RCT-Folly (= 2021.07.22.00)
    - React-callinvoker (= 0.72.18)
    - React-cxxreact (= 0.72.18)
    - React-jsi (= 0.72.18)
    - React-logger (= 0.72.18)
    - React-perflogger (= 0.72.18)
  - RNCAsyncStorage (1.22.3):
    - React-Core
  - SocketRocket (0.7.0)
  - Yoga (1.14.0)

DEPENDENCIES:
  - boost (from `../node_modules/react-native-macos/third-party-podspecs/boost.podspec`)
  - DoubleConversion (from `../node_modules/react-native-macos/third-party-podspecs/DoubleConversion.podspec`)
  - FBLazyVector (from `../node_modules/react-native-macos/Libraries/FBLazyVector`)
  - FBReactNativeSpec (from `../node_modules/react-native-macos/React/FBReactNativeSpec`)
  - fmt (from `../node_modules/react-native-macos/third-party-podspecs/fmt.podspec`)
  - glog (from `../node_modules/react-native-macos/third-party-podspecs/glog.podspec`)
  - RCT-Folly (from `../node_modules/react-native-macos/third-party-podspecs/RCT-Folly.podspec`)
  - RCTRequired (from `../node_modules/react-native-macos/Libraries/RCTRequired`)
  - RCTTypeSafety (from `../node_modules/react-native-macos/Libraries/TypeSafety`)
  - React (from `../node_modules/react-native-macos/`)
  - React-callinvoker (from `../node_modules/react-native-macos/ReactCommon/callinvoker`)
  - React-Codegen (from `build/generated/ios`)
  - React-Core (from `../node_modules/react-native-macos/`)
  - React-Core/RCTWebSocket (from `../node_modules/react-native-macos/`)
  - React-CoreModules (from `../node_modules/react-native-macos/React/CoreModules`)
  - React-cxxreact (from `../node_modules/react-native-macos/ReactCommon/cxxreact`)
  - React-debug (from `../node_modules/react-native-macos/ReactCommon/react/debug`)
  - React-jsc (from `../node_modules/react-native-macos/ReactCommon/jsc`)
  - React-jsi (from `../node_modules/react-native-macos/ReactCommon/jsi`)
  - React-jsiexecutor (from `../node_modules/react-native-macos/ReactCommon/jsiexecutor`)
  - React-jsinspector (from `../node_modules/react-native-macos/ReactCommon/jsinspector`)
  - React-logger (from `../node_modules/react-native-macos/ReactCommon/logger`)
  - React-NativeModulesApple (from `../node_modules/react-native-macos/ReactCommon/react/nativemodule/core/platform/ios`)
  - React-perflogger (from `../node_modules/react-native-macos/ReactCommon/reactperflogger`)
  - React-RCTActionSheet (from `../node_modules/react-native-macos/Libraries/ActionSheetIOS`)
  - React-RCTAnimation (from `../node_modules/react-native-macos/Libraries/NativeAnimation`)
  - React-RCTAppDelegate (from `../node_modules/react-native-macos/Libraries/AppDelegate`)
  - React-RCTBlob (from `../node_modules/react-native-macos/Libraries/Blob`)
  - React-RCTImage (from `../node_modules/react-native-macos/Libraries/Image`)
  - React-RCTLinking (from `../node_modules/react-native-macos/Libraries/LinkingIOS`)
  - React-RCTNetwork (from `../node_modules/react-native-macos/Libraries/Network`)
  - React-RCTSettings (from `../node_modules/react-native-macos/Libraries/Settings`)
  - React-RCTText (from `../node_modules/react-native-macos/Libraries/Text`)
  - React-RCTVibration (from `../node_modules/react-native-macos/Libraries/Vibration`)
  - React-rncore (from `../node_modules/react-native-macos/ReactCommon`)
  - React-runtimeexecutor (from `../node_modules/react-native-macos/ReactCommon/runtimeexecutor`)
  - React-runtimescheduler (from `../node_modules/react-native-macos/ReactCommon/react/renderer/runtimescheduler`)
  - React-utils (from `../node_modules/react-native-macos/ReactCommon/react/utils`)
  - ReactCommon/turbomodule/core (from `../node_modules/react-native-macos/ReactCommon`)
  - "RNCAsyncStorage (from `../node_modules/@react-native-async-storage/async-storage`)"
  - SocketRocket (from `../node_modules/react-native-macos/third-party-podspecs/SocketRocket.podspec`)
  - Yoga (from `../node_modules/react-native-macos/ReactCommon/yoga`)

EXTERNAL SOURCES:
  boost:
    :podspec: "../node_modules/react-native-macos/third-party-podspecs/boost.podspec"
  DoubleConversion:
    :podspec: "../node_modules/react-native-macos/third-party-podspecs/DoubleConversion.podspec"
  FBLazyVector:
    :path: "../node_modules/react-native-macos/Libraries/FBLazyVector"
  FBReactNativeSpec:
    :path: "../node_modules/react-native-macos/React/FBReactNativeSpec"
  fmt:
    :podspec: "../node_modules/react-native-macos/third-party-podspecs/fmt.podspec"
  glog:
    :podspec: "../node_modules/react-native-macos/third-party-podspecs/glog.podspec"
  RCT-Folly:
    :podspec: "../node_modules/react-native-macos/third-party-podspecs/RCT-Folly.podspec"
  RCTRequired:
    :path: "../node_modules/react-native-macos/Libraries/RCTRequired"
  RCTTypeSafety:
    :path: "../node_modules/react-native-macos/Libraries/TypeSafety"
  React:
    :path: "../node_modules/react-native-macos/"
  React-callinvoker:
    :path: "../node_modules/react-native-macos/ReactCommon/callinvoker"
  React-Codegen:
    :path: build/generated/ios
  React-Core:
    :path: "../node_modules/react-native-macos/"
  React-CoreModules:
    :path: "../node_modules/react-native-macos/React/CoreModules"
  React-cxxreact:
    :path: "../node_modules/react-native-macos/ReactCommon/cxxreact"
  React-debug:
    :path: "../node_modules/react-native-macos/ReactCommon/react/debug"
  React-jsc:
    :path: "../node_modules/react-native-macos/ReactCommon/jsc"
  React-jsi:
    :path: "../node_modules/react-native-macos/ReactCommon/jsi"
  React-jsiexecutor:
    :path: "../node_modules/react-native-macos/ReactCommon/jsiexecutor"
  React-jsinspector:
    :path: "../node_modules/react-native-macos/ReactCommon/jsinspector"
  React-logger:
    :path: "../node_modules/react-native-macos/ReactCommon/logger"
  React-NativeModulesApple:
    :path: "../node_modules/react-native-macos/ReactCommon/react/nativemodule/core/platform/ios"
  React-perflogger:
    :path: "../node_modules/react-native-macos/ReactCommon/reactperflogger"
  React-RCTActionSheet:
    :path: "../node_modules/react-native-macos/Libraries/ActionSheetIOS"
  React-RCTAnimation:
    :path: "../node_modules/react-native-macos/Libraries/NativeAnimation"
  React-RCTAppDelegate:
    :path: "../node_modules/react-native-macos/Libraries/AppDelegate"
  React-RCTBlob:
    :path: "../node_modules/react-native-macos/Libraries/Blob"
  React-RCTImage:
    :path: "../node_modules/react-native-macos/Libraries/Image"
  React-RCTLinking:
    :path: "../node_modules/react-native-macos/Libraries/LinkingIOS"
  React-RCTNetwork:
    :path: "../node_modules/react-native-macos/Libraries/Network"
  React-RCTSettings:
    :path: "../node_modules/react-native-macos/Libraries/Settings"
  React-RCTText:
    :path: "../node_modules/react-native-macos/Libraries/Text"
  React-RCTVibration:
    :path: "../node_modules/react-native-macos/Libraries/Vibration"
  React-rncore:
    :path: "../node_modules/react-native-macos/ReactCommon"
  React-runtimeexecutor:
    :path: "../node_modules/react-native-macos/ReactCommon/runtimeexecutor"
  React-runtimescheduler:
    :path: "../node_modules/react-native-macos/ReactCommon/react/renderer/runtimescheduler"
  React-utils:
    :path: "../node_modules/react-native-macos/ReactCommon/react/utils"
  ReactCommon:
    :path: "../node_modules/react-native-macos/ReactCommon"
  RNCAsyncStorage:
    :path: "../node_modules/@react-native-async-storage/async-storage"
  SocketRocket:
    :podspec: "../node_modules/react-native-macos/third-party-podspecs/SocketRocket.podspec"
  Yoga:
    :path: "../node_modules/react-native-macos/ReactCommon/yoga"

SPEC CHECKSUMS:
  boost: dd6670278a62b2597c8aa78da360a2b25563e3f8
  DoubleConversion: b27dc0920d7399c3d0135ef9089b1dc4d0403a2a
  FBLazyVector: 8364ffe642f4890fa7a581739bd230e7daeb826c
  FBReactNativeSpec: 3541bc36f5ae096ee0cfdffd6a6b23fcdae709bb
  fmt: c62421983dfc7fa3d78183aad21a532cb344a337
  glog: 48990dc5c7733bd923abbd8f3acf1f4e0df9e1c8
  RCT-Folly: 587ebd9331504e20f18b57cf87d848a14a6292f9
  RCTRequired: 972ddc4b64722854b06b8902901cd2c6567c8a52
  RCTTypeSafety: 3a36da01275fdae8b3c9ca7b948a8e62a88bb7fa
  React: a924c73a5d63bd5ed64740d003d92a6a98cb49cd
  React-callinvoker: 7dd606a3af97af561f7c297a480c3cad6776c435
  React-Codegen: 427dedf64566ccfe509246860b1f006990b0a44f
  React-Core: e7c32a513aaa5ad895e0e6d9fe21b00099bd6cde
  React-CoreModules: 23e6d3568181a339ec7962f6b94f91c08c217088
  React-cxxreact: f6d6d0d4a90f96fbb7f7e6fbe99d8d79f50dc0e2
  React-debug: 146ec3a6c3266597141439215d0268c41e9c9676
  React-jsc: f3e94b3cbdae390127504931299712a668bfcfc9
  React-jsi: 5b22751935dce7916bfc8f378d771720be5b333d
  React-jsiexecutor: d2fe759c6d656a18940ce425a44ef60b83863cfb
  React-jsinspector: 50b2e52a9d8379f138060b88c3812080276b5346
  React-logger: 3b3592ff5ba3a571db5b98d535cac9b51fd3d61f
  React-NativeModulesApple: 8faf231a3e2757a9b0e4c9cacfaf237daa0a22ba
  React-perflogger: 2081603e53246c1be5a74ba3141eb74707662572
  React-RCTActionSheet: 73f396b52d4377cc328c31a057f005f2370201e3
  React-RCTAnimation: 23fa636b15050c063db2213cf48babcb30a4d967
  React-RCTAppDelegate: 659d7aee9f9baeea84204d61fb1ff549b3fa90ee
  React-RCTBlob: 6591fc8e99074e20d5151ae6273056e33f379a9b
  React-RCTImage: 6670bc9f2a5ac32ba49b4619bb5b2a91d7e01efa
  React-RCTLinking: c3905762582e2441b57350d472500267c1d69eeb
  React-RCTNetwork: d87b14afb49578d6512a0020d788f107f406e9d3
  React-RCTSettings: 3251c12328fa59dfe69f3019eea9499fca52531b
  React-RCTText: c48d40bb6d0a683fad9767a6406204b63fd72352
  React-RCTVibration: c87e88dad2643e2f31beec5b0f28f1ac8128c0d0
  React-rncore: 92039d1fdf3d1705ca584a5da15b4cc94ef13ea2
  React-runtimeexecutor: 322744c11189b52c9543beea30ec208ee0b614c4
  React-runtimescheduler: 79a78bc0132d93a942868e5f9c455dc18f19f2b0
  React-utils: cafe333a406138c7b46c9e352c9da42c6e0b95dd
  ReactCommon: 69cf8c0bac40518d26b59890dfbe9ee40b2b43c6
  RNCAsyncStorage: 10591b9e0a91eaffee14e69b3721009759235125
  SocketRocket: ffef1e643b17817e1ab75f76928e68f8e6d6a3ce
  Yoga: 3bf2baaa8cef0c8cf320cfe1b421a8b582b78048

PODFILE CHECKSUM: 1a70bddd37f600282da592acab84c573cc60e6ad

COCOAPODS: 1.14.3
